<?xml version="1.0" encoding="utf-8"?>
<Project ToolsVersion="4.0" xmlns="http://schemas.microsoft.com/developer/msbuild/2003">
  <ItemGroup>
    <Filter Include="Source Files">
      <UniqueIdentifier>{4FC737F1-C7A5-4376-A066-2A32D752A2FF}</UniqueIdentifier>
      <Extensions>cpp;c;cc;cxx;def;odl;idl;hpj;bat;asm;asmx</Extensions>
    </Filter>
    <Filter Include="Header Files">
      <UniqueIdentifier>{93995380-89BD-4b04-88EB-625FBE52EBFB}</UniqueIdentifier>
      <Extensions>h;hpp;hxx;hm;inl;inc;xsd</Extensions>
    </Filter>
    <Filter Include="Resource Files">
      <UniqueIdentifier>{67DA6AB6-F800-4c08-8B7A-83BB121AAD01}</UniqueIdentifier>
      <Extensions>rc;ico;cur;bmp;dlg;rc2;rct;bin;rgs;gif;jpg;jpeg;jpe;resx;tiff;tif;png;wav</Extensions>
    </Filter>
  </ItemGroup>
  <ItemGroup>
    <ClCompile Include="account\Account.cpp">
      <Filter>Source Files</Filter>
    </ClCompile>
    <ClCompile Include="account\AccountHelpers.cpp">
      <Filter>Source Files</Filter>
    </ClCompile>
    <ClCompile Include="avatarasset\AssetHelpers.cpp">
      <Filter>Source Files</Filter>
    </ClCompile>
    <ClCompile Include="avatarasset\AvatarAsset.cpp">
      <Filter>Source Files</Filter>
    </ClCompile>
    <ClCompile Include="avatarasset\YTGR.cpp">
      <Filter>Source Files</Filter>
    </ClCompile>
    <ClCompile Include="cryptography\XeCrypt.cpp">
      <Filter>Source Files</Filter>
    </ClCompile>
    <ClCompile Include="cryptography\XeKeys.cpp">
      <Filter>Source Files</Filter>
    </ClCompile>
    <ClCompile Include="disc\gdfx.cpp">
      <Filter>Source Files</Filter>
    </ClCompile>
    <ClCompile Include="disc\svod.cpp">
      <Filter>Source Files</Filter>
    </ClCompile>
    <ClCompile Include="fatx\FatxDrive.cpp">
      <Filter>Source Files</Filter>
    </ClCompile>
    <ClCompile Include="fatx\FatxDriveDetection.cpp">
      <Filter>Source Files</Filter>
    </ClCompile>
    <ClCompile Include="gpd\AvatarAwardGPD.cpp">
      <Filter>Source Files</Filter>
    </ClCompile>
    <ClCompile Include="gpd\DashboardGPD.cpp">
      <Filter>Source Files</Filter>
    </ClCompile>
    <ClCompile Include="gpd\GameGPD.cpp">
      <Filter>Source Files</Filter>
    </ClCompile>
    <ClCompile Include="gpd\GPDBase.cpp">
      <Filter>Source Files</Filter>
    </ClCompile>
    <ClCompile Include="gpd\XDBF.cpp">
      <Filter>Source Files</Filter>
    </ClCompile>
    <ClCompile Include="gpd\XDBFHelpers.cpp">
      <Filter>Source Files</Filter>
    </ClCompile>
    <ClCompile Include="io\BaseIO.cpp">
      <Filter>Source Files</Filter>
    </ClCompile>
    <ClCompile Include="io\DeviceIO.cpp">
      <Filter>Source Files</Filter>
    </ClCompile>
    <ClCompile Include="io\FatxIO.cpp">
      <Filter>Source Files</Filter>
    </ClCompile>
    <ClCompile Include="io\FileIO.cpp">
      <Filter>Source Files</Filter>
    </ClCompile>
    <ClCompile Include="io\MemoryIO.cpp">
      <Filter>Source Files</Filter>
    </ClCompile>
    <ClCompile Include="io\MultiFileIO.cpp">
      <Filter>Source Files</Filter>
    </ClCompile>
    <ClCompile Include="io\SvodIO.cpp">
      <Filter>Source Files</Filter>
    </ClCompile>
    <ClCompile Include="io\SvodMultiFileIO.cpp">
      <Filter>Source Files</Filter>
    </ClCompile>
    <ClCompile Include="stfs\StfsDefinitions.cpp">
      <Filter>Source Files</Filter>
    </ClCompile>
    <ClCompile Include="stfs\StfsPackage.cpp">
      <Filter>Source Files</Filter>
    </ClCompile>
    <ClCompile Include="stfs\XContentHeader.cpp">
      <Filter>Source Files</Filter>
    </ClCompile>
  </ItemGroup>
  <ItemGroup>
    <ClInclude Include="winnames.h">
      <Filter>Header Files</Filter>
    </ClInclude>
    <ClInclude Include="XboxInternals_global.h">
      <Filter>Header Files</Filter>
    </ClInclude>
    <ClInclude Include="account\Account.h">
      <Filter>Header Files</Filter>
    </ClInclude>
    <ClInclude Include="account\AccountDefinitions.h">
      <Filter>Header Files</Filter>
    </ClInclude>
    <ClInclude Include="account\AccountHelpers.h">
      <Filter>Header Files</Filter>
    </ClInclude>
    <ClInclude Include="avatarasset\AssetHelpers.h">
      <Filter>Header Files</Filter>
    </ClInclude>
    <ClInclude Include="avatarasset\AvatarAsset.h">
      <Filter>Header Files</Filter>
    </ClInclude>
    <ClInclude Include="avatarasset\AvatarAssetDefinintions.h">
      <Filter>Header Files</Filter>
    </ClInclude>
    <ClInclude Include="avatarasset\YTGR.h">
      <Filter>Header Files</Filter>
    </ClInclude>
    <ClInclude Include="cryptography\XeCrypt.h">
      <Filter>Header Files</Filter>
    </ClInclude>
    <ClInclude Include="cryptography\XeKeys.h">
      <Filter>Header Files</Filter>
    </ClInclude>
    <ClInclude Include="disc\gdfx.h">
      <Filter>Header Files</Filter>
    </ClInclude>
    <ClInclude Include="disc\svod.h">
      <Filter>Header Files</Filter>
    </ClInclude>
    <ClInclude Include="fatx\FatxConstants.h">
      <Filter>Header Files</Filter>
    </ClInclude>
    <ClInclude Include="fatx\FatxDrive.h">
      <Filter>Header Files</Filter>
    </ClInclude>
    <ClInclude Include="fatx\FatxDriveDetection.h">
      <Filter>Header Files</Filter>
    </ClInclude>
    <ClInclude Include="fatx\fatxhelpers.h">
      <Filter>Header Files</Filter>
    </ClInclude>
    <ClInclude Include="gpd\AvatarAwardGPD.h">
      <Filter>Header Files</Filter>
    </ClInclude>
    <ClInclude Include="gpd\DashboardGPD.h">
      <Filter>Header Files</Filter>
    </ClInclude>
    <ClInclude Include="gpd\GameGPD.h">
      <Filter>Header Files</Filter>
    </ClInclude>
    <ClInclude Include="gpd\GPDBase.h">
      <Filter>Header Files</Filter>
    </ClInclude>
    <ClInclude Include="gpd\XDBF.h">
      <Filter>Header Files</Filter>
    </ClInclude>
    <ClInclude Include="gpd\XDBFDefininitions.h">
      <Filter>Header Files</Filter>
    </ClInclude>
    <ClInclude Include="gpd\XDBFHelpers.h">
      <Filter>Header Files</Filter>
    </ClInclude>
    <ClInclude Include="io\BaseIO.h">
      <Filter>Header Files</Filter>
    </ClInclude>
    <ClInclude Include="io\DeviceIO.h">
      <Filter>Header Files</Filter>
    </ClInclude>
    <ClInclude Include="io\FatxIO.h">
      <Filter>Header Files</Filter>
    </ClInclude>
    <ClInclude Include="io\FileIO.h">
      <Filter>Header Files</Filter>
    </ClInclude>
    <ClInclude Include="io\MemoryIO.h">
      <Filter>Header Files</Filter>
    </ClInclude>
    <ClInclude Include="io\MultiFileIO.h">
      <Filter>Header Files</Filter>
    </ClInclude>
    <ClInclude Include="io\SvodIO.h">
      <Filter>Header Files</Filter>
    </ClInclude>
    <ClInclude Include="io\SvodMultiFileIO.h">
      <Filter>Header Files</Filter>
    </ClInclude>
    <ClInclude Include="stfs\StfsConstants.h">
      <Filter>Header Files</Filter>
    </ClInclude>
    <ClInclude Include="stfs\StfsDefinitions.h">
      <Filter>Header Files</Filter>
    </ClInclude>
    <ClInclude Include="stfs\StfsPackage.h">
      <Filter>Header Files</Filter>
    </ClInclude>
    <ClInclude Include="stfs\XContentHeader.h">
      <Filter>Header Files</Filter>
    </ClInclude>
  </ItemGroup>
</Project>